
Microsoft Visual Studio Solution File, Format Version 12.00
# Visual Studio 15
VisualStudioVersion = 15.0.27130.2024
MinimumVisualStudioVersion = 10.0.40219.1
Project("{FAE04EC0-301F-11D3-BF4B-00C04F79EFBC}") = "Microbit.Clock", "Microbit.Clock.csproj", "{F1443330-DA72-452C-A8E7-1061A55E5F8B}"
EndProject
Global
	GlobalSection(SolutionConfigurationPlatforms) = preSolution
		Debug|Any CPU = Debug|Any CPU
		Release|Any CPU = Release|Any CPU
	EndGlobalSection
	GlobalSection(ProjectConfigurationPlatforms) = postSolution
		{F1443330-DA72-452C-A8E7-1061A55E5F8B}.Debug|Any CPU.ActiveCfg = Debug|Any CPU
		{F1443330-DA72-452C-A8E7-1061A55E5F8B}.Debug|Any CPU.Build.0 = Debug|Any CPU
		{F1443330-DA72-452C-A8E7-1061A55E5F8B}.Release|Any CPU.ActiveCfg = Release|Any CPU
		{F1443330-DA72-452C-A8E7-1061A55E5F8B}.Release|Any CPU.Build.0 = Release|Any CPU
	EndGlobalSection
	GlobalSection(SolutionProperties) = preSolution
		HideSolutionNode = FALSE
	EndGlobalSection
	GlobalSection(ExtensibilityGlobals) = postSolution
		SolutionGuid = {3E8126E7-CDEB-4049-954C-E1CFE28FDE3B}
	EndGlobalSection
EndGlobal
